{
    "_readme": [
        "This file locks the dependencies of your project to a known state",
        "Read more about it at https://getcomposer.org/doc/01-basic-usage.md#composer-lock-the-lock-file",
        "This file is @generated automatically"
    ],
    "hash": "3839b7d3a15ac990bccadfd330036d30",
    "content-hash": "2802cf0f85393e7e14faf94595444e36",
    "packages": [
        {
            "name": "mgp25/instagram-php",
            "version": "v1.5.0.1",
            "source": {
                "type": "git",
                "url": "https://github.com/mgp25/Instagram-API.git",
                "reference": "dd62c6dd47bf25129e536b134ab640512adfdb6c"
            },
            "dist": {
                "type": "zip",
                "url": "https://api.github.com/repos/mgp25/Instagram-API/zipball/dd62c6dd47bf25129e536b134ab640512adfdb6c",
                "reference": "dd62c6dd47bf25129e536b134ab640512adfdb6c",
                "shasum": ""
            },
            "require": {
                "ext-curl": "*",
                "ext-gd": "*",
                "php": ">=5.3.0"
            },
            "type": "library",
            "autoload": {
                "classmap": [
                    "src/"
                ]
            },
            "notification-url": "https://packagist.org/downloads/",
            "license": [
                "MIT"
            ],
            "authors": [
                {
                    "name": "mgp25",
                    "email": "me@mgp25.com"
                }
            ],
            "description": "Instagram private API PHP",
            "keywords": [
                "api",
                "instagram",
                "php",
                "private"
            ],
            "time": "2016-09-27 08:11:47"
        }
    ],
    "packages-dev": [],
    "aliases": [],
    "minimum-stability": "stable",
    "stability-flags": [],
    "prefer-stable": false,
    "prefer-lowest": false,
    "platform": [],
    "platform-dev": []
}
